// !$*UTF8*$!
{
	archiveVersion = 1;
	classes = {
	};
	objectVersion = 56;
	objects = {

/* Begin PBXBuildFile section */
		94ABBCFA2AE6F8FA00FB67DD /* Rainbow_RumbleApp.swift in Sources */ = {isa = PBXBuildFile; fileRef = 94ABBCF92AE6F8FA00FB67DD /* Rainbow_RumbleApp.swift */; };
		94ABBCFC2AE6F8FA00FB67DD /* ContentView.swift in Sources */ = {isa = PBXBuildFile; fileRef = 94ABBCFB2AE6F8FA00FB67DD /* ContentView.swift */; };
		94ABBCFE2AE6F8FB00FB67DD /* Assets.xcassets in Resources */ = {isa = PBXBuildFile; fileRef = 94ABBCFD2AE6F8FB00FB67DD /* Assets.xcassets */; };
		94ABBD012AE6F8FB00FB67DD /* Preview Assets.xcassets in Resources */ = {isa = PBXBuildFile; fileRef = 94ABBD002AE6F8FB00FB67DD /* Preview Assets.xcassets */; };
		94ABBD082AE6F93F00FB67DD /* Memory.swift in Sources */ = {isa = PBXBuildFile; fileRef = 94ABBD072AE6F93F00FB67DD /* Memory.swift */; };
		94ABBD0A2AE6FB9700FB67DD /* CardView.swift in Sources */ = {isa = PBXBuildFile; fileRef = 94ABBD092AE6FB9700FB67DD /* CardView.swift */; };
/* End PBXBuildFile section */

/* Begin PBXFileReference section */
		94ABBCF62AE6F8FA00FB67DD /* Rainbow Rumble.app */ = {isa = PBXFileReference; explicitFileType = wrapper.application; includeInIndex = 0; path = "Rainbow Rumble.app"; sourceTree = BUILT_PRODUCTS_DIR; };
		94ABBCF92AE6F8FA00FB67DD /* Rainbow_RumbleApp.swift */ = {isa = PBXFileReference; lastKnownFileType = sourcecode.swift; path = Rainbow_RumbleApp.swift; sourceTree = "<group>"; };
		94ABBCFB2AE6F8FA00FB67DD /* ContentView.swift */ = {isa = PBXFileReference; lastKnownFileType = sourcecode.swift; path = ContentView.swift; sourceTree = "<group>"; };
		94ABBCFD2AE6F8FB00FB67DD /* Assets.xcassets */ = {isa = PBXFileReference; lastKnownFileType = folder.assetcatalog; path = Assets.xcassets; sourceTree = "<group>"; };
		94ABBD002AE6F8FB00FB67DD /* Preview Assets.xcassets */ = {isa = PBXFileReference; lastKnownFileType = folder.assetcatalog; path = "Preview Assets.xcassets"; sourceTree = "<group>"; };
		94ABBD072AE6F93F00FB67DD /* Memory.swift */ = {isa = PBXFileReference; lastKnownFileType = sourcecode.swift; path = Memory.swift; sourceTree = "<group>"; };
		94ABBD092AE6FB9700FB67DD /* CardView.swift */ = {isa = PBXFileReference; lastKnownFileType = sourcecode.swift; path = CardView.swift; sourceTree = "<group>"; };
/* End PBXFileReference section */

/* Begin PBXFrameworksBuildPhase section */
		94ABBCF32AE6F8FA00FB67DD /* Frameworks */ = {
			isa = PBXFrameworksBuildPhase;
			buildActionMask = 2147483647;
			files = (
			);
			runOnlyForDeploymentPostprocessing = 0;
		};
/* End PBXFrameworksBuildPhase section */

/* Begin PBXGroup section */
		94ABBCED2AE6F8FA00FB67DD = {
			isa = PBXGroup;
			children = (
				94ABBCF82AE6F8FA00FB67DD /* Rainbow Rumble */,
				94ABBCF72AE6F8FA00FB67DD /* Products */,
			);
			sourceTree = "<group>";
		};
		94ABBCF72AE6F8FA00FB67DD /* Products */ = {
			isa = PBXGroup;
			children = (
				94ABBCF62AE6F8FA00FB67DD /* Rainbow Rumble.app */,
			);
			name = Products;
			sourceTree = "<group>";
		};
		94ABBCF82AE6F8FA00FB67DD /* Rainbow Rumble */ = {
			isa = PBXGroup;
			children = (
				94ABBCF92AE6F8FA00FB67DD /* Rainbow_RumbleApp.swift */,
				94ABBCFB2AE6F8FA00FB67DD /* ContentView.swift */,
				94ABBCFD2AE6F8FB00FB67DD /* Assets.xcassets */,
				94ABBCFF2AE6F8FB00FB67DD /* Preview Content */,
				94ABBD072AE6F93F00FB67DD /* Memory.swift */,
				94ABBD092AE6FB9700FB67DD /* CardView.swift */,
			);
			path = "Rainbow Rumble";
			sourceTree = "<group>";
		};
		94ABBCFF2AE6F8FB00FB67DD /* Preview Content */ = {
			isa = PBXGroup;
			children = (
				94ABBD002AE6F8FB00FB67DD /* Preview Assets.xcassets */,
			);
			path = "Preview Content";
			sourceTree = "<group>";
		};
/* End PBXGroup section */

/* Begin PBXNativeTarget section */
		94ABBCF52AE6F8FA00FB67DD /* Rainbow Rumble */ = {
			isa = PBXNativeTarget;
			buildConfigurationList = 94ABBD042AE6F8FB00FB67DD /* Build configuration list for PBXNativeTarget "Rainbow Rumble" */;
			buildPhases = (
				94ABBCF22AE6F8FA00FB67DD /* Sources */,
				94ABBCF32AE6F8FA00FB67DD /* Frameworks */,
				94ABBCF42AE6F8FA00FB67DD /* Resources */,
			);
			buildRules = (
			);
			dependencies = (
			);
			name = "Rainbow Rumble";
			productName = "Rainbow Rumble";
			productReference = 94ABBCF62AE6F8FA00FB67DD /* Rainbow Rumble.app */;
			productType = "com.apple.product-type.application";
		};
/* End PBXNativeTarget section */

/* Begin PBXProject section */
		94ABBCEE2AE6F8FA00FB67DD /* Project object */ = {
			isa = PBXProject;
			attributes = {
				BuildIndependentTargetsInParallel = 1;
				LastSwiftUpdateCheck = 1500;
				LastUpgradeCheck = 1500;
				TargetAttributes = {
					94ABBCF52AE6F8FA00FB67DD = {
						CreatedOnToolsVersion = 15.0;
					};
				};
			};
			buildConfigurationList = 94ABBCF12AE6F8FA00FB67DD /* Build configuration list for PBXProject "Rainbow Rumble" */;
			compatibilityVersion = "Xcode 14.0";
			developmentRegion = en;
			hasScannedForEncodings = 0;
			knownRegions = (
				en,
				Base,
			);
			mainGroup = 94ABBCED2AE6F8FA00FB67DD;
			productRefGroup = 94ABBCF72AE6F8FA00FB67DD /* Products */;
			projectDirPath = "";
			projectRoot = "";
			targets = (
				94ABBCF52AE6F8FA00FB67DD /* Rainbow Rumble */,
			);
		};
/* End PBXProject section */

/* Begin PBXResourcesBuildPhase section */
		94ABBCF42AE6F8FA00FB67DD /* Resources */ = {
			isa = PBXResourcesBuildPhase;
			buildActionMask = 2147483647;
			files = (
				94ABBD012AE6F8FB00FB67DD /* Preview Assets.xcassets in Resources */,
				94ABBCFE2AE6F8FB00FB67DD /* Assets.xcassets in Resources */,
			);
			runOnlyForDeploymentPostprocessing = 0;
		};
/* End PBXResourcesBuildPhase section */

/* Begin PBXSourcesBuildPhase section */
		94ABBCF22AE6F8FA00FB67DD /* Sources */ = {
			isa = PBXSourcesBuildPhase;
			buildActionMask = 2147483647;
			files = (
				94ABBD082AE6F93F00FB67DD /* Memory.swift in Sources */,
				94ABBCFC2AE6F8FA00FB67DD /* ContentView.swift in Sources */,
				94ABBD0A2AE6FB9700FB67DD /* CardView.swift in Sources */,
				94ABBCFA2AE6F8FA00FB67DD /* Rainbow_RumbleApp.swift in Sources */,
			);
			runOnlyForDeploymentPostprocessing = 0;
		};
/* End PBXSourcesBuildPhase section */

/* Begin XCBuildConfiguration section */
		94ABBD022AE6F8FB00FB67DD /* Debug */ = {
			isa = XCBuildConfiguration;
			buildSettings = {
				ALWAYS_SEARCH_USER_PATHS = NO;
				ASSETCATALOG_COMPILER_GENERATE_SWIFT_ASSET_SYMBOL_EXTENSIONS = YES;
				CLANG_ANALYZER_NONNULL = YES;
				CLANG_ANALYZER_NUMBER_OBJECT_CONVERSION = YES_AGGRESSIVE;
				CLANG_CXX_LANGUAGE_STANDARD = "gnu++20";
				CLANG_ENABLE_MODULES = YES;
				CLANG_ENABLE_OBJC_ARC = YES;
				CLANG_ENABLE_OBJC_WEAK = YES;
				CLANG_WARN_BLOCK_CAPTURE_AUTORELEASING = YES;
				CLANG_WARN_BOOL_CONVERSION = YES;
				CLANG_WARN_COMMA = YES;
				CLANG_WARN_CONSTANT_CONVERSION = YES;
				CLANG_WARN_DEPRECATED_OBJC_IMPLEMENTATIONS = YES;
				CLANG_WARN_DIRECT_OBJC_ISA_USAGE = YES_ERROR;
				CLANG_WARN_DOCUMENTATION_COMMENTS = YES;
				CLANG_WARN_EMPTY_BODY = YES;
				CLANG_WARN_ENUM_CONVERSION = YES;
				CLANG_WARN_INFINITE_RECURSION = YES;
				CLANG_WARN_INT_CONVERSION = YES;
				CLANG_WARN_NON_LITERAL_NULL_CONVERSION = YES;
				CLANG_WARN_OBJC_IMPLICIT_RETAIN_SELF = YES;
				CLANG_WARN_OBJC_LITERAL_CONVERSION = YES;
				CLANG_WARN_OBJC_ROOT_CLASS = YES_ERROR;
				CLANG_WARN_QUOTED_INCLUDE_IN_FRAMEWORK_HEADER = YES;
				CLANG_WARN_RANGE_LOOP_ANALYSIS = YES;
				CLANG_WARN_STRICT_PROTOTYPES = YES;
				CLANG_WARN_SUSPICIOUS_MOVE = YES;
				CLANG_WARN_UNGUARDED_AVAILABILITY = YES_AGGRESSIVE;
				CLANG_WARN_UNREACHABLE_CODE = YES;
				CLANG_WARN__DUPLICATE_METHOD_MATCH = YES;
				COPY_PHASE_STRIP = NO;
				DEBUG_INFORMATION_FORMAT = dwarf;
				ENABLE_STRICT_OBJC_MSGSEND = YES;
				ENABLE_TESTABILITY = YES;
				ENABLE_USER_SCRIPT_SANDBOXING = YES;
				GCC_C_LANGUAGE_STANDARD = gnu17;
				GCC_DYNAMIC_NO_PIC = NO;
				GCC_NO_COMMON_BLOCKS = YES;
				GCC_OPTIMIZATION_LEVEL = 0;
				GCC_PREPROCESSOR_DEFINITIONS = (
					"DEBUG=1",
					"$(inherited)",
				);
				GCC_WARN_64_TO_32_BIT_CONVERSION = YES;
				GCC_WARN_ABOUT_RETURN_TYPE = YES_ERROR;
				GCC_WARN_UNDECLARED_SELECTOR = YES;
				GCC_WARN_UNINITIALIZED_AUTOS = YES_AGGRESSIVE;
				GCC_WARN_UNUSED_FUNCTION = YES;
				GCC_WARN_UNUSED_VARIABLE = YES;
				IPHONEOS_DEPLOYMENT_TARGET = 17.0;
				LOCALIZATION_PREFERS_STRING_CATALOGS = YES;
				MTL_ENABLE_DEBUG_INFO = INCLUDE_SOURCE;
				MTL_FAST_MATH = YES;
				ONLY_ACTIVE_ARCH = YES;
				SDKROOT = iphoneos;
				SWIFT_ACTIVE_COMPILATION_CONDITIONS = "DEBUG $(inherited)";
				SWIFT_OPTIMIZATION_LEVEL = "-Onone";
			};
			name = Debug;
		};
		94ABBD032AE6F8FB00FB67DD /* Release */ = {
			isa = XCBuildConfiguration;
			buildSettings = {
				ALWAYS_SEARCH_USER_PATHS = NO;
				ASSETCATALOG_COMPILER_GENERATE_SWIFT_ASSET_SYMBOL_EXTENSIONS = YES;
				CLANG_ANALYZER_NONNULL = YES;
				CLANG_ANALYZER_NUMBER_OBJECT_CONVERSION = YES_AGGRESSIVE;
				CLANG_CXX_LANGUAGE_STANDARD = "gnu++20";
				CLANG_ENABLE_MODULES = YES;
				CLANG_ENABLE_OBJC_ARC = YES;
				CLANG_ENABLE_OBJC_WEAK = YES;
				CLANG_WARN_BLOCK_CAPTURE_AUTORELEASING = YES;
				CLANG_WARN_BOOL_CONVERSION = YES;
				CLANG_WARN_COMMA = YES;
				CLANG_WARN_CONSTANT_CONVERSION = YES;
				CLANG_WARN_DEPRECATED_OBJC_IMPLEMENTATIONS = YES;
				CLANG_WARN_DIRECT_OBJC_ISA_USAGE = YES_ERROR;
				CLANG_WARN_DOCUMENTATION_COMMENTS = YES;
				CLANG_WARN_EMPTY_BODY = YES;
				CLANG_WARN_ENUM_CONVERSION = YES;
				CLANG_WARN_INFINITE_RECURSION = YES;
				CLANG_WARN_INT_CONVERSION = YES;
				CLANG_WARN_NON_LITERAL_NULL_CONVERSION = YES;
				CLANG_WARN_OBJC_IMPLICIT_RETAIN_SELF = YES;
				CLANG_WARN_OBJC_LITERAL_CONVERSION = YES;
				CLANG_WARN_OBJC_ROOT_CLASS = YES_ERROR;
				CLANG_WARN_QUOTED_INCLUDE_IN_FRAMEWORK_HEADER = YES;
				CLANG_WARN_RANGE_LOOP_ANALYSIS = YES;
				CLANG_WARN_STRICT_PROTOTYPES = YES;
				CLANG_WARN_SUSPICIOUS_MOVE = YES;
				CLANG_WARN_UNGUARDED_AVAILABILITY = YES_AGGRESSIVE;
				CLANG_WARN_UNREACHABLE_CODE = YES;
				CLANG_WARN__DUPLICATE_METHOD_MATCH = YES;
				COPY_PHASE_STRIP = NO;
				DEBUG_INFORMATION_FORMAT = "dwarf-with-dsym";
				ENABLE_NS_ASSERTIONS = NO;
				ENABLE_STRICT_OBJC_MSGSEND = YES;
				ENABLE_USER_SCRIPT_SANDBOXING = YES;
				GCC_C_LANGUAGE_STANDARD = gnu17;
				GCC_NO_COMMON_BLOCKS = YES;
				GCC_WARN_64_TO_32_BIT_CONVERSION = YES;
				GCC_WARN_ABOUT_RETURN_TYPE = YES_ERROR;
				GCC_WARN_UNDECLARED_SELECTOR = YES;
				GCC_WARN_UNINITIALIZED_AUTOS = YES_AGGRESSIVE;
				GCC_WARN_UNUSED_FUNCTION = YES;
				GCC_WARN_UNUSED_VARIABLE = YES;
				IPHONEOS_DEPLOYMENT_TARGET = 17.0;
				LOCALIZATION_PREFERS_STRING_CATALOGS = YES;
				MTL_ENABLE_DEBUG_INFO = NO;
				MTL_FAST_MATH = YES;
				SDKROOT = iphoneos;
				SWIFT_COMPILATION_MODE = wholemodule;
				VALIDATE_PRODUCT = YES;
			};
			name = Release;
		};
		94ABBD052AE6F8FB00FB67DD /* Debug */ = {
			isa = XCBuildConfiguration;
			buildSettings = {
				ASSETCATALOG_COMPILER_APPICON_NAME = AppIcon;
				ASSETCATALOG_COMPILER_GLOBAL_ACCENT_COLOR_NAME = AccentColor;
				CODE_SIGN_STYLE = Automatic;
				CURRENT_PROJECT_VERSION = 1;
				DEVELOPMENT_ASSET_PATHS = "\"Rainbow Rumble/Preview Content\"";
				ENABLE_PREVIEWS = YES;
				GENERATE_INFOPLIST_FILE = YES;
				INFOPLIST_KEY_UIApplicationSceneManifest_Generation = YES;
				INFOPLIST_KEY_UIApplicationSupportsIndirectInputEvents = YES;
				INFOPLIST_KEY_UILaunchScreen_Generation = YES;
				INFOPLIST_KEY_UISupportedInterfaceOrientations_iPad = "UIInterfaceOrientationPortrait UIInterfaceOrientationPortraitUpsideDown UIInterfaceOrientationLandscapeLeft UIInterfaceOrientationLandscapeRight";
				INFOPLIST_KEY_UISupportedInterfaceOrientations_iPhone = "UIInterfaceOrientationPortrait UIInterfaceOrientationLandscapeLeft UIInterfaceOrientationLandscapeRight";
				LD_RUNPATH_SEARCH_PATHS = (
					"$(inherited)",
					"@executable_path/Frameworks",
				);
				MARKETING_VERSION = 1.0;
				PRODUCT_BUNDLE_IDENTIFIER = "com.bulutkalfazade.Rainbow-Rumble";
				PRODUCT_NAME = "$(TARGET_NAME)";
				SWIFT_EMIT_LOC_STRINGS = YES;
				SWIFT_VERSION = 5.0;
				TARGETED_DEVICE_FAMILY = "1,2";
			};
			name = Debug;
		};
		94ABBD062AE6F8FB00FB67DD /* Release */ = {
			isa = XCBuildConfiguration;
			buildSettings = {
				ASSETCATALOG_COMPILER_APPICON_NAME = AppIcon;
				ASSETCATALOG_COMPILER_GLOBAL_ACCENT_COLOR_NAME = AccentColor;
				CODE_SIGN_STYLE = Automatic;
				CURRENT_PROJECT_VERSION = 1;
				DEVELOPMENT_ASSET_PATHS = "\"Rainbow Rumble/Preview Content\"";
				ENABLE_PREVIEWS = YES;
				GENERATE_INFOPLIST_FILE = YES;
				INFOPLIST_KEY_UIApplicationSceneManifest_Generation = YES;
				INFOPLIST_KEY_UIApplicationSupportsIndirectInputEvents = YES;
				INFOPLIST_KEY_UILaunchScreen_Generation = YES;
				INFOPLIST_KEY_UISupportedInterfaceOrientations_iPad = "UIInterfaceOrientationPortrait UIInterfaceOrientationPortraitUpsideDown UIInterfaceOrientationLandscapeLeft UIInterfaceOrientationLandscapeRight";
				INFOPLIST_KEY_UISupportedInterfaceOrientations_iPhone = "UIInterfaceOrientationPortrait UIInterfaceOrientationLandscapeLeft UIInterfaceOrientationLandscapeRight";
				LD_RUNPATH_SEARCH_PATHS = (
					"$(inherited)",
					"@executable_path/Frameworks",
				);
				MARKETING_VERSION = 1.0;
				PRODUCT_BUNDLE_IDENTIFIER = "com.bulutkalfazade.Rainbow-Rumble";
				PRODUCT_NAME = "$(TARGET_NAME)";
				SWIFT_EMIT_LOC_STRINGS = YES;
				SWIFT_VERSION = 5.0;
				TARGETED_DEVICE_FAMILY = "1,2";
			};
			name = Release;
		};
/* End XCBuildConfiguration section */

/* Begin XCConfigurationList section */
		94ABBCF12AE6F8FA00FB67DD /* Build configuration list for PBXProject "Rainbow Rumble" */ = {
			isa = XCConfigurationList;
			buildConfigurations = (
				94ABBD022AE6F8FB00FB67DD /* Debug */,
				94ABBD032AE6F8FB00FB67DD /* Release */,
			);
			defaultConfigurationIsVisible = 0;
			defaultConfigurationName = Release;
		};
		94ABBD042AE6F8FB00FB67DD /* Build configuration list for PBXNativeTarget "Rainbow Rumble" */ = {
			isa = XCConfigurationList;
			buildConfigurations = (
				94ABBD052AE6F8FB00FB67DD /* Debug */,
				94ABBD062AE6F8FB00FB67DD /* Release */,
			);
			defaultConfigurationIsVisible = 0;
			defaultConfigurationName = Release;
		};
/* End XCConfigurationList section */
	};
	rootObject = 94ABBCEE2AE6F8FA00FB67DD /* Project object */;
}
